
Microsoft Visual Studio Solution File, Format Version 12.00
# Visual Studio Version 17
VisualStudioVersion = 17.7.34024.191
MinimumVisualStudioVersion = 10.0.40219.1
Project("{9A19103F-16F7-4668-BE54-9A1E7A4F7556}") = "newnewTestCalculator", "newnewTestCalculator\newnewTestCalculator.csproj", "{7D59579C-BF00-4E7E-A7CE-667A3F8ADE9C}"
EndProject
Project("{FAE04EC0-301F-11D3-BF4B-00C04F79EFBC}") = "newnewCalculator", "newnewCalculator\newnewCalculator.csproj", "{084BDBAC-4DDA-40F3-A4B6-D4C898419627}"
EndProject
Global
	GlobalSection(SolutionConfigurationPlatforms) = preSolution
		Debug|Any CPU = Debug|Any CPU
		Release|Any CPU = Release|Any CPU
	EndGlobalSection
	GlobalSection(ProjectConfigurationPlatforms) = postSolution
		{7D59579C-BF00-4E7E-A7CE-667A3F8ADE9C}.Debug|Any CPU.ActiveCfg = Debug|Any CPU
		{7D59579C-BF00-4E7E-A7CE-667A3F8ADE9C}.Debug|Any CPU.Build.0 = Debug|Any CPU
		{7D59579C-BF00-4E7E-A7CE-667A3F8ADE9C}.Release|Any CPU.ActiveCfg = Release|Any CPU
		{7D59579C-BF00-4E7E-A7CE-667A3F8ADE9C}.Release|Any CPU.Build.0 = Release|Any CPU
		{084BDBAC-4DDA-40F3-A4B6-D4C898419627}.Debug|Any CPU.ActiveCfg = Debug|Any CPU
		{084BDBAC-4DDA-40F3-A4B6-D4C898419627}.Debug|Any CPU.Build.0 = Debug|Any CPU
		{084BDBAC-4DDA-40F3-A4B6-D4C898419627}.Release|Any CPU.ActiveCfg = Release|Any CPU
		{084BDBAC-4DDA-40F3-A4B6-D4C898419627}.Release|Any CPU.Build.0 = Release|Any CPU
	EndGlobalSection
	GlobalSection(SolutionProperties) = preSolution
		HideSolutionNode = FALSE
	EndGlobalSection
	GlobalSection(ExtensibilityGlobals) = postSolution
		SolutionGuid = {757EF44A-39CC-4080-B4C7-EB7A7DC12A51}
	EndGlobalSection
EndGlobal
